
Microsoft Visual Studio Solution File, Format Version 11.00
# Visual Studio 2010
Project("{FAE04EC0-301F-11D3-BF4B-00C04F79EFBC}") = "Homicide in the Hub", "Assembly-CSharp-firstpass.csproj", "{E530DF48-0CEF-DE19-34B1-92206AF0E906}"
EndProject
Project("{FAE04EC0-301F-11D3-BF4B-00C04F79EFBC}") = "Homicide in the Hub", "Assembly-CSharp.csproj", "{916A9213-0FBC-1585-33AE-F12E6B75D245}"
EndProject
Project("{FAE04EC0-301F-11D3-BF4B-00C04F79EFBC}") = "Homicide in the Hub", "Assembly-CSharp-Editor.csproj", "{546B9BC2-1D76-A26A-CB8F-CC56746A7251}"
EndProject
Global
	GlobalSection(SolutionConfigurationPlatforms) = preSolution
		Debug|Any CPU = Debug|Any CPU
		Release|Any CPU = Release|Any CPU
	EndGlobalSection
	GlobalSection(ProjectConfigurationPlatforms) = postSolution
		{E530DF48-0CEF-DE19-34B1-92206AF0E906}.Debug|Any CPU.ActiveCfg = Debug|Any CPU
		{E530DF48-0CEF-DE19-34B1-92206AF0E906}.Debug|Any CPU.Build.0 = Debug|Any CPU
		{E530DF48-0CEF-DE19-34B1-92206AF0E906}.Release|Any CPU.ActiveCfg = Release|Any CPU
		{E530DF48-0CEF-DE19-34B1-92206AF0E906}.Release|Any CPU.Build.0 = Release|Any CPU
		{916A9213-0FBC-1585-33AE-F12E6B75D245}.Debug|Any CPU.ActiveCfg = Debug|Any CPU
		{916A9213-0FBC-1585-33AE-F12E6B75D245}.Debug|Any CPU.Build.0 = Debug|Any CPU
		{916A9213-0FBC-1585-33AE-F12E6B75D245}.Release|Any CPU.ActiveCfg = Release|Any CPU
		{916A9213-0FBC-1585-33AE-F12E6B75D245}.Release|Any CPU.Build.0 = Release|Any CPU
		{546B9BC2-1D76-A26A-CB8F-CC56746A7251}.Debug|Any CPU.ActiveCfg = Debug|Any CPU
		{546B9BC2-1D76-A26A-CB8F-CC56746A7251}.Debug|Any CPU.Build.0 = Debug|Any CPU
		{546B9BC2-1D76-A26A-CB8F-CC56746A7251}.Release|Any CPU.ActiveCfg = Release|Any CPU
		{546B9BC2-1D76-A26A-CB8F-CC56746A7251}.Release|Any CPU.Build.0 = Release|Any CPU
	EndGlobalSection
	GlobalSection(SolutionProperties) = preSolution
		HideSolutionNode = FALSE
	EndGlobalSection
	GlobalSection(MonoDevelopProperties) = preSolution
		StartupItem = Assembly-CSharp.csproj
	EndGlobalSection
EndGlobal
